
Microsoft Visual Studio Solution File, Format Version 12.00
# Visual Studio 15
Project("{FAE04EC0-301F-11D3-BF4B-00C04F79EFBC}") = "Assembly-CSharp", "Assembly-CSharp.csproj", "{6F66E443-EB41-EC2E-3238-B86046413493}"
EndProject
Project("{FAE04EC0-301F-11D3-BF4B-00C04F79EFBC}") = "Assembly-CSharp-firstpass", "Assembly-CSharp-firstpass.csproj", "{F3661A01-DE8F-46B6-E6E6-6CB38E8AF85D}"
EndProject
Project("{FAE04EC0-301F-11D3-BF4B-00C04F79EFBC}") = "Assembly-CSharp-Editor-firstpass", "Assembly-CSharp-Editor-firstpass.csproj", "{32CC4192-4E27-B22A-EBCF-F87DAC3574C4}"
EndProject
Project("{FAE04EC0-301F-11D3-BF4B-00C04F79EFBC}") = "Assembly-CSharp-Editor", "Assembly-CSharp-Editor.csproj", "{53BBC925-176B-B930-8766-41D7FC3862C3}"
EndProject
Global
	GlobalSection(SolutionConfigurationPlatforms) = preSolution
		Debug|Any CPU = Debug|Any CPU
		Release|Any CPU = Release|Any CPU
	EndGlobalSection
	GlobalSection(ProjectConfigurationPlatforms) = postSolution
		{6F66E443-EB41-EC2E-3238-B86046413493}.Debug|Any CPU.ActiveCfg = Debug|Any CPU
		{6F66E443-EB41-EC2E-3238-B86046413493}.Debug|Any CPU.Build.0 = Debug|Any CPU
		{6F66E443-EB41-EC2E-3238-B86046413493}.Release|Any CPU.ActiveCfg = Release|Any CPU
		{6F66E443-EB41-EC2E-3238-B86046413493}.Release|Any CPU.Build.0 = Release|Any CPU
		{F3661A01-DE8F-46B6-E6E6-6CB38E8AF85D}.Debug|Any CPU.ActiveCfg = Debug|Any CPU
		{F3661A01-DE8F-46B6-E6E6-6CB38E8AF85D}.Debug|Any CPU.Build.0 = Debug|Any CPU
		{F3661A01-DE8F-46B6-E6E6-6CB38E8AF85D}.Release|Any CPU.ActiveCfg = Release|Any CPU
		{F3661A01-DE8F-46B6-E6E6-6CB38E8AF85D}.Release|Any CPU.Build.0 = Release|Any CPU
		{32CC4192-4E27-B22A-EBCF-F87DAC3574C4}.Debug|Any CPU.ActiveCfg = Debug|Any CPU
		{32CC4192-4E27-B22A-EBCF-F87DAC3574C4}.Debug|Any CPU.Build.0 = Debug|Any CPU
		{32CC4192-4E27-B22A-EBCF-F87DAC3574C4}.Release|Any CPU.ActiveCfg = Release|Any CPU
		{32CC4192-4E27-B22A-EBCF-F87DAC3574C4}.Release|Any CPU.Build.0 = Release|Any CPU
		{53BBC925-176B-B930-8766-41D7FC3862C3}.Debug|Any CPU.ActiveCfg = Debug|Any CPU
		{53BBC925-176B-B930-8766-41D7FC3862C3}.Debug|Any CPU.Build.0 = Debug|Any CPU
		{53BBC925-176B-B930-8766-41D7FC3862C3}.Release|Any CPU.ActiveCfg = Release|Any CPU
		{53BBC925-176B-B930-8766-41D7FC3862C3}.Release|Any CPU.Build.0 = Release|Any CPU
	EndGlobalSection
	GlobalSection(SolutionProperties) = preSolution
		HideSolutionNode = FALSE
	EndGlobalSection
EndGlobal
